
Microsoft Visual Studio Solution File, Format Version 12.00
# Visual Studio Version 17
VisualStudioVersion = 17.14.36414.22 d17.14
MinimumVisualStudioVersion = 10.0.40219.1
Project("{FAE04EC0-301F-11D3-BF4B-00C04F79EFBC}") = "DEPI_Session05", "DEPI_Session05\DEPI_Session05.csproj", "{F80D1B80-AE67-426E-A83D-9FBD2274A87F}"
EndProject
Global
	GlobalSection(SolutionConfigurationPlatforms) = preSolution
		Debug|Any CPU = Debug|Any CPU
		Release|Any CPU = Release|Any CPU
	EndGlobalSection
	GlobalSection(ProjectConfigurationPlatforms) = postSolution
		{F80D1B80-AE67-426E-A83D-9FBD2274A87F}.Debug|Any CPU.ActiveCfg = Debug|Any CPU
		{F80D1B80-AE67-426E-A83D-9FBD2274A87F}.Debug|Any CPU.Build.0 = Debug|Any CPU
		{F80D1B80-AE67-426E-A83D-9FBD2274A87F}.Release|Any CPU.ActiveCfg = Release|Any CPU
		{F80D1B80-AE67-426E-A83D-9FBD2274A87F}.Release|Any CPU.Build.0 = Release|Any CPU
	EndGlobalSection
	GlobalSection(SolutionProperties) = preSolution
		HideSolutionNode = FALSE
	EndGlobalSection
	GlobalSection(ExtensibilityGlobals) = postSolution
		SolutionGuid = {3E662E9C-62E8-4604-8994-67E7FBAAF647}
	EndGlobalSection
EndGlobal
