
Microsoft Visual Studio Solution File, Format Version 12.00
# Visual Studio Version 17
VisualStudioVersion = 17.14.36414.22
MinimumVisualStudioVersion = 10.0.40219.1
Project("{FAE04EC0-301F-11D3-BF4B-00C04F79EFBC}") = "DEPI_Session09", "DEPI_Session09\DEPI_Session09.csproj", "{9AB584CF-9F5F-438E-9944-4A5DD04E2DD6}"
EndProject
Project("{FAE04EC0-301F-11D3-BF4B-00C04F79EFBC}") = "FineCalculatorTest", "FineCalculatorTest\FineCalculatorTest.csproj", "{C4D9C241-7566-488B-8285-14EE11305B22}"
EndProject
Global
	GlobalSection(SolutionConfigurationPlatforms) = preSolution
		Debug|Any CPU = Debug|Any CPU
		Release|Any CPU = Release|Any CPU
	EndGlobalSection
	GlobalSection(ProjectConfigurationPlatforms) = postSolution
		{9AB584CF-9F5F-438E-9944-4A5DD04E2DD6}.Debug|Any CPU.ActiveCfg = Debug|Any CPU
		{9AB584CF-9F5F-438E-9944-4A5DD04E2DD6}.Debug|Any CPU.Build.0 = Debug|Any CPU
		{9AB584CF-9F5F-438E-9944-4A5DD04E2DD6}.Release|Any CPU.ActiveCfg = Release|Any CPU
		{9AB584CF-9F5F-438E-9944-4A5DD04E2DD6}.Release|Any CPU.Build.0 = Release|Any CPU
		{C4D9C241-7566-488B-8285-14EE11305B22}.Debug|Any CPU.ActiveCfg = Debug|Any CPU
		{C4D9C241-7566-488B-8285-14EE11305B22}.Debug|Any CPU.Build.0 = Debug|Any CPU
		{C4D9C241-7566-488B-8285-14EE11305B22}.Release|Any CPU.ActiveCfg = Release|Any CPU
		{C4D9C241-7566-488B-8285-14EE11305B22}.Release|Any CPU.Build.0 = Release|Any CPU
	EndGlobalSection
	GlobalSection(SolutionProperties) = preSolution
		HideSolutionNode = FALSE
	EndGlobalSection
	GlobalSection(ExtensibilityGlobals) = postSolution
		SolutionGuid = {BD6536BE-0A00-423E-865E-2A502083186F}
	EndGlobalSection
EndGlobal
