
Microsoft Visual Studio Solution File, Format Version 12.00
# Visual Studio Version 17
VisualStudioVersion = 17.14.36414.22 d17.14
MinimumVisualStudioVersion = 10.0.40219.1
Project("{FAE04EC0-301F-11D3-BF4B-00C04F79EFBC}") = "DEPI_Session08", "DEPI_Session08\DEPI_Session08.csproj", "{94F14E45-9822-4531-8719-061FE2C20B28}"
EndProject
Global
	GlobalSection(SolutionConfigurationPlatforms) = preSolution
		Debug|Any CPU = Debug|Any CPU
		Release|Any CPU = Release|Any CPU
	EndGlobalSection
	GlobalSection(ProjectConfigurationPlatforms) = postSolution
		{94F14E45-9822-4531-8719-061FE2C20B28}.Debug|Any CPU.ActiveCfg = Debug|Any CPU
		{94F14E45-9822-4531-8719-061FE2C20B28}.Debug|Any CPU.Build.0 = Debug|Any CPU
		{94F14E45-9822-4531-8719-061FE2C20B28}.Release|Any CPU.ActiveCfg = Release|Any CPU
		{94F14E45-9822-4531-8719-061FE2C20B28}.Release|Any CPU.Build.0 = Release|Any CPU
	EndGlobalSection
	GlobalSection(SolutionProperties) = preSolution
		HideSolutionNode = FALSE
	EndGlobalSection
	GlobalSection(ExtensibilityGlobals) = postSolution
		SolutionGuid = {205006F7-00AC-4704-BA72-CE9C03D33B61}
	EndGlobalSection
EndGlobal
